Microsoft Visual Studio Solution File, Format Version 12.00
# Visual Studio Version 17
VisualStudioVersion = 17.0.32112.339
MinimumVisualStudioVersion = 15.0.26124.0
Project("{D954291E-2A0B-460D-934E-DC6B0785DB48}") = "WalkCounterClient.Shared", "WalkCounterClient.Shared\WalkCounterClient.Shared.shproj", "{6279C845-92F8-4333-AB99-3D213163593C}"
EndProject
Project("{FAE04EC0-301F-11D3-BF4B-00C04F79EFBC}") = "WalkCounterClient.Droid", "WalkCounterClient.Droid\WalkCounterClient.Droid.csproj", "{23180A8B-2282-43A2-A46C-4185F62E82C3}"
EndProject
Project("{FAE04EC0-301F-11D3-BF4B-00C04F79EFBC}") = "WalkCounterClient.iOS", "WalkCounterClient.iOS\WalkCounterClient.iOS.csproj", "{5A1BD0D2-5610-4D10-A273-6937EF616636}"
EndProject
Project("{FAE04EC0-301F-11D3-BF4B-00C04F79EFBC}") = "WalkCounterClient.Uwp", "WalkCounterClient.UWP\WalkCounterClient.Uwp.csproj", "{97B082B0-41C3-40DB-8964-5D4BEBAF4918}"
EndProject
Project("{9A19103F-16F7-4668-BE54-9A1E7A4F7556}") = "WalkCounterClient.Wasm", "WalkCounterClient.Wasm\WalkCounterClient.Wasm.csproj", "{40EA03F7-8A22-4143-B251-79BAC3EB13D2}"
EndProject
Project("{FAE04EC0-301F-11D3-BF4B-00C04F79EFBC}") = "WalkCounterClient.macOS", "WalkCounterClient.macOS\WalkCounterClient.macOS.csproj", "{9BE21753-45BA-46BB-90A6-102F0DC5F4A9}"
EndProject
Project("{9A19103F-16F7-4668-BE54-9A1E7A4F7556}") = "WalkCounterClient.Skia.Gtk", "WalkCounterClient.Skia.Gtk\WalkCounterClient.Skia.Gtk.csproj", "{A5B8155A-118F-4794-B551-C6F3CF7E5411}"
EndProject
Global
	GlobalSection(SharedMSBuildProjectFiles) = preSolution
		WalkCounterClient.Shared\WalkCounterClient.Shared.projitems*{23180a8b-2282-43a2-a46c-4185f62e82c3}*SharedItemsImports = 4
		WalkCounterClient.Shared\WalkCounterClient.Shared.projitems*{40ea03f7-8a22-4143-b251-79bac3eb13d2}*SharedItemsImports = 5
		WalkCounterClient.Shared\WalkCounterClient.Shared.projitems*{5a1bd0d2-5610-4d10-a273-6937ef616636}*SharedItemsImports = 4
		WalkCounterClient.Shared\WalkCounterClient.Shared.projitems*{6279c845-92f8-4333-ab99-3d213163593c}*SharedItemsImports = 13
		WalkCounterClient.Shared\WalkCounterClient.Shared.projitems*{97b082b0-41c3-40db-8964-5d4bebaf4918}*SharedItemsImports = 4
		WalkCounterClient.Shared\WalkCounterClient.Shared.projitems*{9be21753-45ba-46bb-90a6-102f0dc5f4a9}*SharedItemsImports = 4
		WalkCounterClient.Shared\WalkCounterClient.Shared.projitems*{a5b8155a-118f-4794-b551-c6f3cf7e5411}*SharedItemsImports = 5
	EndGlobalSection
	GlobalSection(SolutionConfigurationPlatforms) = preSolution
		Debug|Any CPU = Debug|Any CPU
		Debug|ARM = Debug|ARM
		Debug|ARM64 = Debug|ARM64
		Debug|iPhone = Debug|iPhone
		Debug|iPhoneSimulator = Debug|iPhoneSimulator
		Debug|x64 = Debug|x64
		Debug|x86 = Debug|x86
		Release|Any CPU = Release|Any CPU
		Release|ARM = Release|ARM
		Release|ARM64 = Release|ARM64
		Release|iPhone = Release|iPhone
		Release|iPhoneSimulator = Release|iPhoneSimulator
		Release|x64 = Release|x64
		Release|x86 = Release|x86
	EndGlobalSection
	GlobalSection(ProjectConfigurationPlatforms) = postSolution
		{23180A8B-2282-43A2-A46C-4185F62E82C3}.Debug|Any CPU.ActiveCfg = Debug|Any CPU
		{23180A8B-2282-43A2-A46C-4185F62E82C3}.Debug|Any CPU.Build.0 = Debug|Any CPU
		{23180A8B-2282-43A2-A46C-4185F62E82C3}.Debug|Any CPU.Deploy.0 = Debug|Any CPU
		{23180A8B-2282-43A2-A46C-4185F62E82C3}.Debug|ARM.ActiveCfg = Debug|Any CPU
		{23180A8B-2282-43A2-A46C-4185F62E82C3}.Debug|ARM.Build.0 = Debug|Any CPU
		{23180A8B-2282-43A2-A46C-4185F62E82C3}.Debug|ARM.Deploy.0 = Debug|Any CPU
		{23180A8B-2282-43A2-A46C-4185F62E82C3}.Debug|ARM64.ActiveCfg = Debug|Any CPU
		{23180A8B-2282-43A2-A46C-4185F62E82C3}.Debug|ARM64.Build.0 = Debug|Any CPU
		{23180A8B-2282-43A2-A46C-4185F62E82C3}.Debug|ARM64.Deploy.0 = Debug|Any CPU
		{23180A8B-2282-43A2-A46C-4185F62E82C3}.Debug|iPhone.ActiveCfg = Debug|Any CPU
		{23180A8B-2282-43A2-A46C-4185F62E82C3}.Debug|iPhone.Build.0 = Debug|Any CPU
		{23180A8B-2282-43A2-A46C-4185F62E82C3}.Debug|iPhone.Deploy.0 = Debug|Any CPU
		{23180A8B-2282-43A2-A46C-4185F62E82C3}.Debug|iPhoneSimulator.ActiveCfg = Debug|Any CPU
		{23180A8B-2282-43A2-A46C-4185F62E82C3}.Debug|iPhoneSimulator.Build.0 = Debug|Any CPU
		{23180A8B-2282-43A2-A46C-4185F62E82C3}.Debug|iPhoneSimulator.Deploy.0 = Debug|Any CPU
		{23180A8B-2282-43A2-A46C-4185F62E82C3}.Debug|x64.ActiveCfg = Debug|Any CPU
		{23180A8B-2282-43A2-A46C-4185F62E82C3}.Debug|x64.Build.0 = Debug|Any CPU
		{23180A8B-2282-43A2-A46C-4185F62E82C3}.Debug|x64.Deploy.0 = Debug|Any CPU
		{23180A8B-2282-43A2-A46C-4185F62E82C3}.Debug|x86.ActiveCfg = Debug|Any CPU
		{23180A8B-2282-43A2-A46C-4185F62E82C3}.Debug|x86.Build.0 = Debug|Any CPU
		{23180A8B-2282-43A2-A46C-4185F62E82C3}.Debug|x86.Deploy.0 = Debug|Any CPU
		{23180A8B-2282-43A2-A46C-4185F62E82C3}.Release|Any CPU.ActiveCfg = Release|Any CPU
		{23180A8B-2282-43A2-A46C-4185F62E82C3}.Release|Any CPU.Build.0 = Release|Any CPU
		{23180A8B-2282-43A2-A46C-4185F62E82C3}.Release|Any CPU.Deploy.0 = Release|Any CPU
		{23180A8B-2282-43A2-A46C-4185F62E82C3}.Release|ARM.ActiveCfg = Release|Any CPU
		{23180A8B-2282-43A2-A46C-4185F62E82C3}.Release|ARM.Build.0 = Release|Any CPU
		{23180A8B-2282-43A2-A46C-4185F62E82C3}.Release|ARM.Deploy.0 = Release|Any CPU
		{23180A8B-2282-43A2-A46C-4185F62E82C3}.Release|ARM64.ActiveCfg = Release|Any CPU
		{23180A8B-2282-43A2-A46C-4185F62E82C3}.Release|ARM64.Build.0 = Release|Any CPU
		{23180A8B-2282-43A2-A46C-4185F62E82C3}.Release|ARM64.Deploy.0 = Release|Any CPU
		{23180A8B-2282-43A2-A46C-4185F62E82C3}.Release|iPhone.ActiveCfg = Release|Any CPU
		{23180A8B-2282-43A2-A46C-4185F62E82C3}.Release|iPhone.Build.0 = Release|Any CPU
		{23180A8B-2282-43A2-A46C-4185F62E82C3}.Release|iPhone.Deploy.0 = Release|Any CPU
		{23180A8B-2282-43A2-A46C-4185F62E82C3}.Release|iPhoneSimulator.ActiveCfg = Release|Any CPU
		{23180A8B-2282-43A2-A46C-4185F62E82C3}.Release|iPhoneSimulator.Build.0 = Release|Any CPU
		{23180A8B-2282-43A2-A46C-4185F62E82C3}.Release|iPhoneSimulator.Deploy.0 = Release|Any CPU
		{23180A8B-2282-43A2-A46C-4185F62E82C3}.Release|x64.ActiveCfg = Release|Any CPU
		{23180A8B-2282-43A2-A46C-4185F62E82C3}.Release|x64.Build.0 = Release|Any CPU
		{23180A8B-2282-43A2-A46C-4185F62E82C3}.Release|x64.Deploy.0 = Release|Any CPU
		{23180A8B-2282-43A2-A46C-4185F62E82C3}.Release|x86.ActiveCfg = Release|Any CPU
		{23180A8B-2282-43A2-A46C-4185F62E82C3}.Release|x86.Build.0 = Release|Any CPU
		{23180A8B-2282-43A2-A46C-4185F62E82C3}.Release|x86.Deploy.0 = Release|Any CPU
		{5A1BD0D2-5610-4D10-A273-6937EF616636}.Debug|Any CPU.ActiveCfg = Debug|iPhone
		{5A1BD0D2-5610-4D10-A273-6937EF616636}.Debug|Any CPU.Build.0 = Debug|iPhone
		{5A1BD0D2-5610-4D10-A273-6937EF616636}.Debug|Any CPU.Deploy.0 = Debug|iPhone
		{5A1BD0D2-5610-4D10-A273-6937EF616636}.Debug|ARM.ActiveCfg = Debug|iPhone
		{5A1BD0D2-5610-4D10-A273-6937EF616636}.Debug|ARM64.ActiveCfg = Debug|iPhone
		{5A1BD0D2-5610-4D10-A273-6937EF616636}.Debug|iPhone.ActiveCfg = Debug|iPhone
		{5A1BD0D2-5610-4D10-A273-6937EF616636}.Debug|iPhone.Build.0 = Debug|iPhone
		{5A1BD0D2-5610-4D10-A273-6937EF616636}.Debug|iPhoneSimulator.ActiveCfg = Debug|iPhoneSimulator
		{5A1BD0D2-5610-4D10-A273-6937EF616636}.Debug|iPhoneSimulator.Build.0 = Debug|iPhoneSimulator
		{5A1BD0D2-5610-4D10-A273-6937EF616636}.Debug|x64.ActiveCfg = Debug|iPhone
		{5A1BD0D2-5610-4D10-A273-6937EF616636}.Debug|x64.Build.0 = Debug|iPhone
		{5A1BD0D2-5610-4D10-A273-6937EF616636}.Debug|x64.Deploy.0 = Debug|iPhone
		{5A1BD0D2-5610-4D10-A273-6937EF616636}.Debug|x86.ActiveCfg = Debug|iPhoneSimulator
		{5A1BD0D2-5610-4D10-A273-6937EF616636}.Debug|x86.Build.0 = Debug|iPhoneSimulator
		{5A1BD0D2-5610-4D10-A273-6937EF616636}.Debug|x86.Deploy.0 = Debug|iPhoneSimulator
		{5A1BD0D2-5610-4D10-A273-6937EF616636}.Release|Any CPU.ActiveCfg = Release|iPhone
		{5A1BD0D2-5610-4D10-A273-6937EF616636}.Release|ARM.ActiveCfg = Release|iPhone
		{5A1BD0D2-5610-4D10-A273-6937EF616636}.Release|ARM64.ActiveCfg = Release|iPhone
		{5A1BD0D2-5610-4D10-A273-6937EF616636}.Release|iPhone.ActiveCfg = Release|iPhone
		{5A1BD0D2-5610-4D10-A273-6937EF616636}.Release|iPhone.Build.0 = Release|iPhone
		{5A1BD0D2-5610-4D10-A273-6937EF616636}.Release|iPhoneSimulator.ActiveCfg = Release|iPhoneSimulator
		{5A1BD0D2-5610-4D10-A273-6937EF616636}.Release|iPhoneSimulator.Build.0 = Release|iPhoneSimulator
		{5A1BD0D2-5610-4D10-A273-6937EF616636}.Release|x64.ActiveCfg = Release|iPhoneSimulator
		{5A1BD0D2-5610-4D10-A273-6937EF616636}.Release|x64.Build.0 = Release|iPhoneSimulator
		{5A1BD0D2-5610-4D10-A273-6937EF616636}.Release|x64.Deploy.0 = Release|iPhoneSimulator
		{5A1BD0D2-5610-4D10-A273-6937EF616636}.Release|x86.ActiveCfg = Release|iPhoneSimulator
		{5A1BD0D2-5610-4D10-A273-6937EF616636}.Release|x86.Build.0 = Release|iPhoneSimulator
		{97B082B0-41C3-40DB-8964-5D4BEBAF4918}.Debug|Any CPU.ActiveCfg = Debug|x86
		{97B082B0-41C3-40DB-8964-5D4BEBAF4918}.Debug|Any CPU.Build.0 = Debug|x86
		{97B082B0-41C3-40DB-8964-5D4BEBAF4918}.Debug|Any CPU.Deploy.0 = Debug|x86
		{97B082B0-41C3-40DB-8964-5D4BEBAF4918}.Debug|ARM.ActiveCfg = Debug|ARM
		{97B082B0-41C3-40DB-8964-5D4BEBAF4918}.Debug|ARM.Build.0 = Debug|ARM
		{97B082B0-41C3-40DB-8964-5D4BEBAF4918}.Debug|ARM.Deploy.0 = Debug|ARM
		{97B082B0-41C3-40DB-8964-5D4BEBAF4918}.Debug|ARM64.ActiveCfg = Debug|ARM64
		{97B082B0-41C3-40DB-8964-5D4BEBAF4918}.Debug|ARM64.Build.0 = Debug|ARM64
		{97B082B0-41C3-40DB-8964-5D4BEBAF4918}.Debug|ARM64.Deploy.0 = Debug|ARM64
		{97B082B0-41C3-40DB-8964-5D4BEBAF4918}.Debug|iPhone.ActiveCfg = Debug|x86
		{97B082B0-41C3-40DB-8964-5D4BEBAF4918}.Debug|iPhone.Build.0 = Debug|x86
		{97B082B0-41C3-40DB-8964-5D4BEBAF4918}.Debug|iPhone.Deploy.0 = Debug|x86
		{97B082B0-41C3-40DB-8964-5D4BEBAF4918}.Debug|iPhoneSimulator.ActiveCfg = Debug|x86
		{97B082B0-41C3-40DB-8964-5D4BEBAF4918}.Debug|iPhoneSimulator.Build.0 = Debug|x86
		{97B082B0-41C3-40DB-8964-5D4BEBAF4918}.Debug|iPhoneSimulator.Deploy.0 = Debug|x86
		{97B082B0-41C3-40DB-8964-5D4BEBAF4918}.Debug|x64.ActiveCfg = Debug|x64
		{97B082B0-41C3-40DB-8964-5D4BEBAF4918}.Debug|x64.Build.0 = Debug|x64
		{97B082B0-41C3-40DB-8964-5D4BEBAF4918}.Debug|x64.Deploy.0 = Debug|x64
		{97B082B0-41C3-40DB-8964-5D4BEBAF4918}.Debug|x86.ActiveCfg = Debug|x86
		{97B082B0-41C3-40DB-8964-5D4BEBAF4918}.Debug|x86.Build.0 = Debug|x86
		{97B082B0-41C3-40DB-8964-5D4BEBAF4918}.Debug|x86.Deploy.0 = Debug|x86
		{97B082B0-41C3-40DB-8964-5D4BEBAF4918}.Release|Any CPU.ActiveCfg = Release|x86
		{97B082B0-41C3-40DB-8964-5D4BEBAF4918}.Release|ARM.ActiveCfg = Release|ARM
		{97B082B0-41C3-40DB-8964-5D4BEBAF4918}.Release|ARM.Build.0 = Release|ARM
		{97B082B0-41C3-40DB-8964-5D4BEBAF4918}.Release|ARM.Deploy.0 = Release|ARM
		{97B082B0-41C3-40DB-8964-5D4BEBAF4918}.Release|ARM64.ActiveCfg = Release|ARM64
		{97B082B0-41C3-40DB-8964-5D4BEBAF4918}.Release|ARM64.Build.0 = Release|ARM64
		{97B082B0-41C3-40DB-8964-5D4BEBAF4918}.Release|ARM64.Deploy.0 = Release|ARM64
		{97B082B0-41C3-40DB-8964-5D4BEBAF4918}.Release|iPhone.ActiveCfg = Release|x86
		{97B082B0-41C3-40DB-8964-5D4BEBAF4918}.Release|iPhone.Build.0 = Release|x86
		{97B082B0-41C3-40DB-8964-5D4BEBAF4918}.Release|iPhoneSimulator.ActiveCfg = Release|x86
		{97B082B0-41C3-40DB-8964-5D4BEBAF4918}.Release|iPhoneSimulator.Build.0 = Release|x86
		{97B082B0-41C3-40DB-8964-5D4BEBAF4918}.Release|iPhoneSimulator.Deploy.0 = Release|x86
		{97B082B0-41C3-40DB-8964-5D4BEBAF4918}.Release|x64.ActiveCfg = Release|x64
		{97B082B0-41C3-40DB-8964-5D4BEBAF4918}.Release|x64.Build.0 = Release|x64
		{97B082B0-41C3-40DB-8964-5D4BEBAF4918}.Release|x64.Deploy.0 = Release|x64
		{97B082B0-41C3-40DB-8964-5D4BEBAF4918}.Release|x86.ActiveCfg = Release|x86
		{97B082B0-41C3-40DB-8964-5D4BEBAF4918}.Release|x86.Build.0 = Release|x86
		{97B082B0-41C3-40DB-8964-5D4BEBAF4918}.Release|x86.Deploy.0 = Release|x86
		{40EA03F7-8A22-4143-B251-79BAC3EB13D2}.Debug|Any CPU.ActiveCfg = Debug|Any CPU
		{40EA03F7-8A22-4143-B251-79BAC3EB13D2}.Debug|Any CPU.Build.0 = Debug|Any CPU
		{40EA03F7-8A22-4143-B251-79BAC3EB13D2}.Debug|ARM.ActiveCfg = Debug|Any CPU
		{40EA03F7-8A22-4143-B251-79BAC3EB13D2}.Debug|ARM.Build.0 = Debug|Any CPU
		{40EA03F7-8A22-4143-B251-79BAC3EB13D2}.Debug|ARM64.ActiveCfg = Debug|Any CPU
		{40EA03F7-8A22-4143-B251-79BAC3EB13D2}.Debug|ARM64.Build.0 = Debug|Any CPU
		{40EA03F7-8A22-4143-B251-79BAC3EB13D2}.Debug|iPhone.ActiveCfg = Debug|Any CPU
		{40EA03F7-8A22-4143-B251-79BAC3EB13D2}.Debug|iPhone.Build.0 = Debug|Any CPU
		{40EA03F7-8A22-4143-B251-79BAC3EB13D2}.Debug|iPhoneSimulator.ActiveCfg = Debug|Any CPU
		{40EA03F7-8A22-4143-B251-79BAC3EB13D2}.Debug|iPhoneSimulator.Build.0 = Debug|Any CPU
		{40EA03F7-8A22-4143-B251-79BAC3EB13D2}.Debug|x64.ActiveCfg = Debug|Any CPU
		{40EA03F7-8A22-4143-B251-79BAC3EB13D2}.Debug|x64.Build.0 = Debug|Any CPU
		{40EA03F7-8A22-4143-B251-79BAC3EB13D2}.Debug|x86.ActiveCfg = Debug|Any CPU
		{40EA03F7-8A22-4143-B251-79BAC3EB13D2}.Debug|x86.Build.0 = Debug|Any CPU
		{40EA03F7-8A22-4143-B251-79BAC3EB13D2}.Release|Any CPU.ActiveCfg = Release|Any CPU
		{40EA03F7-8A22-4143-B251-79BAC3EB13D2}.Release|Any CPU.Build.0 = Release|Any CPU
		{40EA03F7-8A22-4143-B251-79BAC3EB13D2}.Release|ARM.ActiveCfg = Release|Any CPU
		{40EA03F7-8A22-4143-B251-79BAC3EB13D2}.Release|ARM.Build.0 = Release|Any CPU
		{40EA03F7-8A22-4143-B251-79BAC3EB13D2}.Release|ARM64.ActiveCfg = Release|Any CPU
		{40EA03F7-8A22-4143-B251-79BAC3EB13D2}.Release|ARM64.Build.0 = Release|Any CPU
		{40EA03F7-8A22-4143-B251-79BAC3EB13D2}.Release|iPhone.ActiveCfg = Release|Any CPU
		{40EA03F7-8A22-4143-B251-79BAC3EB13D2}.Release|iPhone.Build.0 = Release|Any CPU
		{40EA03F7-8A22-4143-B251-79BAC3EB13D2}.Release|iPhoneSimulator.ActiveCfg = Release|Any CPU
		{40EA03F7-8A22-4143-B251-79BAC3EB13D2}.Release|iPhoneSimulator.Build.0 = Release|Any CPU
		{40EA03F7-8A22-4143-B251-79BAC3EB13D2}.Release|x64.ActiveCfg = Release|Any CPU
		{40EA03F7-8A22-4143-B251-79BAC3EB13D2}.Release|x64.Build.0 = Release|Any CPU
		{40EA03F7-8A22-4143-B251-79BAC3EB13D2}.Release|x86.ActiveCfg = Release|Any CPU
		{40EA03F7-8A22-4143-B251-79BAC3EB13D2}.Release|x86.Build.0 = Release|Any CPU
		{9BE21753-45BA-46BB-90A6-102F0DC5F4A9}.Debug|Any CPU.ActiveCfg = Debug|iPhoneSimulator
		{9BE21753-45BA-46BB-90A6-102F0DC5F4A9}.Debug|Any CPU.Build.0 = Debug|iPhoneSimulator
		{9BE21753-45BA-46BB-90A6-102F0DC5F4A9}.Debug|ARM.ActiveCfg = Debug|iPhoneSimulator
		{9BE21753-45BA-46BB-90A6-102F0DC5F4A9}.Debug|ARM64.ActiveCfg = Debug|iPhoneSimulator
		{9BE21753-45BA-46BB-90A6-102F0DC5F4A9}.Debug|iPhone.ActiveCfg = Debug|iPhoneSimulator
		{9BE21753-45BA-46BB-90A6-102F0DC5F4A9}.Debug|iPhone.Build.0 = Debug|iPhoneSimulator
		{9BE21753-45BA-46BB-90A6-102F0DC5F4A9}.Debug|iPhoneSimulator.ActiveCfg = Debug|iPhoneSimulator
		{9BE21753-45BA-46BB-90A6-102F0DC5F4A9}.Debug|iPhoneSimulator.Build.0 = Debug|iPhoneSimulator
		{9BE21753-45BA-46BB-90A6-102F0DC5F4A9}.Debug|x64.ActiveCfg = Debug|iPhoneSimulator
		{9BE21753-45BA-46BB-90A6-102F0DC5F4A9}.Debug|x64.Build.0 = Debug|iPhoneSimulator
		{9BE21753-45BA-46BB-90A6-102F0DC5F4A9}.Debug|x86.ActiveCfg = Debug|iPhoneSimulator
		{9BE21753-45BA-46BB-90A6-102F0DC5F4A9}.Debug|x86.Build.0 = Debug|iPhoneSimulator
		{9BE21753-45BA-46BB-90A6-102F0DC5F4A9}.Release|Any CPU.ActiveCfg = Release|iPhoneSimulator
		{9BE21753-45BA-46BB-90A6-102F0DC5F4A9}.Release|ARM.ActiveCfg = Release|iPhoneSimulator
		{9BE21753-45BA-46BB-90A6-102F0DC5F4A9}.Release|ARM64.ActiveCfg = Release|iPhoneSimulator
		{9BE21753-45BA-46BB-90A6-102F0DC5F4A9}.Release|iPhone.ActiveCfg = Release|iPhoneSimulator
		{9BE21753-45BA-46BB-90A6-102F0DC5F4A9}.Release|iPhone.Build.0 = Release|iPhoneSimulator
		{9BE21753-45BA-46BB-90A6-102F0DC5F4A9}.Release|iPhoneSimulator.ActiveCfg = Release|iPhoneSimulator
		{9BE21753-45BA-46BB-90A6-102F0DC5F4A9}.Release|iPhoneSimulator.Build.0 = Release|iPhoneSimulator
		{9BE21753-45BA-46BB-90A6-102F0DC5F4A9}.Release|x64.ActiveCfg = Release|iPhoneSimulator
		{9BE21753-45BA-46BB-90A6-102F0DC5F4A9}.Release|x64.Build.0 = Release|iPhoneSimulator
		{9BE21753-45BA-46BB-90A6-102F0DC5F4A9}.Release|x86.ActiveCfg = Release|iPhoneSimulator
		{9BE21753-45BA-46BB-90A6-102F0DC5F4A9}.Release|x86.Build.0 = Release|iPhoneSimulator
		{A5B8155A-118F-4794-B551-C6F3CF7E5411}.Debug|Any CPU.ActiveCfg = Debug|Any CPU
		{A5B8155A-118F-4794-B551-C6F3CF7E5411}.Debug|Any CPU.Build.0 = Debug|Any CPU
		{A5B8155A-118F-4794-B551-C6F3CF7E5411}.Debug|ARM.ActiveCfg = Debug|Any CPU
		{A5B8155A-118F-4794-B551-C6F3CF7E5411}.Debug|ARM.Build.0 = Debug|Any CPU
		{A5B8155A-118F-4794-B551-C6F3CF7E5411}.Debug|ARM64.ActiveCfg = Debug|Any CPU
		{A5B8155A-118F-4794-B551-C6F3CF7E5411}.Debug|ARM64.Build.0 = Debug|Any CPU
		{A5B8155A-118F-4794-B551-C6F3CF7E5411}.Debug|iPhone.ActiveCfg = Debug|Any CPU
		{A5B8155A-118F-4794-B551-C6F3CF7E5411}.Debug|iPhone.Build.0 = Debug|Any CPU
		{A5B8155A-118F-4794-B551-C6F3CF7E5411}.Debug|iPhoneSimulator.ActiveCfg = Debug|Any CPU
		{A5B8155A-118F-4794-B551-C6F3CF7E5411}.Debug|iPhoneSimulator.Build.0 = Debug|Any CPU
		{A5B8155A-118F-4794-B551-C6F3CF7E5411}.Debug|x64.ActiveCfg = Debug|Any CPU
		{A5B8155A-118F-4794-B551-C6F3CF7E5411}.Debug|x64.Build.0 = Debug|Any CPU
		{A5B8155A-118F-4794-B551-C6F3CF7E5411}.Debug|x86.ActiveCfg = Debug|Any CPU
		{A5B8155A-118F-4794-B551-C6F3CF7E5411}.Debug|x86.Build.0 = Debug|Any CPU
		{A5B8155A-118F-4794-B551-C6F3CF7E5411}.Release|Any CPU.ActiveCfg = Release|Any CPU
		{A5B8155A-118F-4794-B551-C6F3CF7E5411}.Release|Any CPU.Build.0 = Release|Any CPU
		{A5B8155A-118F-4794-B551-C6F3CF7E5411}.Release|ARM.ActiveCfg = Release|Any CPU
		{A5B8155A-118F-4794-B551-C6F3CF7E5411}.Release|ARM.Build.0 = Release|Any CPU
		{A5B8155A-118F-4794-B551-C6F3CF7E5411}.Release|ARM64.ActiveCfg = Release|Any CPU
		{A5B8155A-118F-4794-B551-C6F3CF7E5411}.Release|ARM64.Build.0 = Release|Any CPU
		{A5B8155A-118F-4794-B551-C6F3CF7E5411}.Release|iPhone.ActiveCfg = Release|Any CPU
		{A5B8155A-118F-4794-B551-C6F3CF7E5411}.Release|iPhone.Build.0 = Release|Any CPU
		{A5B8155A-118F-4794-B551-C6F3CF7E5411}.Release|iPhoneSimulator.ActiveCfg = Release|Any CPU
		{A5B8155A-118F-4794-B551-C6F3CF7E5411}.Release|iPhoneSimulator.Build.0 = Release|Any CPU
		{A5B8155A-118F-4794-B551-C6F3CF7E5411}.Release|x64.ActiveCfg = Release|Any CPU
		{A5B8155A-118F-4794-B551-C6F3CF7E5411}.Release|x64.Build.0 = Release|Any CPU
		{A5B8155A-118F-4794-B551-C6F3CF7E5411}.Release|x86.ActiveCfg = Release|Any CPU
		{A5B8155A-118F-4794-B551-C6F3CF7E5411}.Release|x86.Build.0 = Release|Any CPU
	EndGlobalSection
	GlobalSection(SolutionProperties) = preSolution
		HideSolutionNode = FALSE
	EndGlobalSection
	GlobalSection(ExtensibilityGlobals) = postSolution
		SolutionGuid = {C7433AE2-B1A0-4C1A-887E-5CAA7AAF67A6}
	EndGlobalSection
EndGlobal
